
Microsoft Visual Studio Solution File, Format Version 12.00
# Visual Studio 15
VisualStudioVersion = 15.0.27428.2043
MinimumVisualStudioVersion = 10.0.40219.1
Project("{FAE04EC0-301F-11D3-BF4B-00C04F79EFBC}") = "application", "application\application.csproj", "{F3BC0069-386A-430D-B666-A61294AB7BD7}"
EndProject
Global
	GlobalSection(SolutionConfigurationPlatforms) = preSolution
		Debug|Any CPU = Debug|Any CPU
		Release|Any CPU = Release|Any CPU
	EndGlobalSection
	GlobalSection(ProjectConfigurationPlatforms) = postSolution
		{F3BC0069-386A-430D-B666-A61294AB7BD7}.Debug|Any CPU.ActiveCfg = Debug|Any CPU
		{F3BC0069-386A-430D-B666-A61294AB7BD7}.Debug|Any CPU.Build.0 = Debug|Any CPU
		{F3BC0069-386A-430D-B666-A61294AB7BD7}.Release|Any CPU.ActiveCfg = Release|Any CPU
		{F3BC0069-386A-430D-B666-A61294AB7BD7}.Release|Any CPU.Build.0 = Release|Any CPU
	EndGlobalSection
	GlobalSection(SolutionProperties) = preSolution
		HideSolutionNode = FALSE
	EndGlobalSection
	GlobalSection(ExtensibilityGlobals) = postSolution
		EnterpriseLibraryConfigurationToolBinariesPath = packages\TransientFaultHandling.Core.5.1.1209.1\lib\NET4
		SolutionGuid = {5A865B0E-F5A9-40D5-A48A-54379DCB94EE}
	EndGlobalSection
EndGlobal
